
Microsoft Visual Studio Solution File, Format Version 12.00
# Visual Studio Version 16
VisualStudioVersion = 16.0.29911.84
MinimumVisualStudioVersion = 10.0.40219.1
Project("{FAE04EC0-301F-11D3-BF4B-00C04F79EFBC}") = "dip_wf2", "dip_wf2\dip_wf2.csproj", "{708985B6-5B30-41D3-B3B9-047EC6833985}"
EndProject
Global
	GlobalSection(SolutionConfigurationPlatforms) = preSolution
		Debug|Any CPU = Debug|Any CPU
		Release|Any CPU = Release|Any CPU
	EndGlobalSection
	GlobalSection(ProjectConfigurationPlatforms) = postSolution
		{708985B6-5B30-41D3-B3B9-047EC6833985}.Debug|Any CPU.ActiveCfg = Debug|Any CPU
		{708985B6-5B30-41D3-B3B9-047EC6833985}.Debug|Any CPU.Build.0 = Debug|Any CPU
		{708985B6-5B30-41D3-B3B9-047EC6833985}.Release|Any CPU.ActiveCfg = Release|Any CPU
		{708985B6-5B30-41D3-B3B9-047EC6833985}.Release|Any CPU.Build.0 = Release|Any CPU
	EndGlobalSection
	GlobalSection(SolutionProperties) = preSolution
		HideSolutionNode = FALSE
	EndGlobalSection
	GlobalSection(ExtensibilityGlobals) = postSolution
		SolutionGuid = {60570207-21D4-4F6B-9A2B-B1DA72DB797B}
	EndGlobalSection
EndGlobal
